<Solution>
  <Folder Name="/src/">
    <Project Path="src/VSHelpDesk.Application/VSHelpDesk.Application.csproj" />
    <Project Path="src/VSHelpDesk.Domain/VSHelpDesk.Domain.csproj" />
    <Project Path="src/VSHelpDesk.Infrastructure/VSHelpDesk.Infrastructure.csproj" />
    <Project Path="src/VSHelpDesk.WebAPI/VSHelpDesk.WebAPI.csproj" />
  </Folder>
  <Folder Name="/tests/">
    <Project Path="tests/VSHelpDesk.Application.UnitTests/VSHelpDesk.Application.UnitTests.csproj" />
    <Project Path="tests/VSHelpDesk.Domain.UnitTests/VSHelpDesk.Domain.UnitTests.csproj" />
    <Project Path="tests/VSHelpDesk.Infrastructure.IntegrationTests/VSHelpDesk.Infrastructure.IntegrationTests.csproj" />
    <Project Path="tests/VSHelpDesk.Infrastructure.UnitTests/VSHelpDesk.Infrastructure.UnitTests.csproj" />
    <Project Path="tests/VSHelpDesk.WebAPI.IntegrationTests/VSHelpDesk.WebAPI.IntegrationTests.csproj" />
  </Folder>
</Solution>
